// !$*UTF8*$!
{
	archiveVersion = 1;
	classes = {
	};
	objectVersion = 55;
	objects = {

/* Begin PBXBuildFile section */
		A429D4E72735744100ABFC29 /* DripKit in Frameworks */ = {isa = PBXBuildFile; productRef = A429D4E62735744100ABFC29 /* DripKit */; };
		A47CA32E2735282500F34F68 /* HomeView.swift in Sources */ = {isa = PBXBuildFile; fileRef = A47CA32D2735282500F34F68 /* HomeView.swift */; };
		A4B28BA12735484E0059D81E /* CardView.swift in Sources */ = {isa = PBXBuildFile; fileRef = A4B28BA02735484E0059D81E /* CardView.swift */; };
		A4B28BA32735504B0059D81E /* OutfitDetailView.swift in Sources */ = {isa = PBXBuildFile; fileRef = A4B28BA22735504B0059D81E /* OutfitDetailView.swift */; };
		A4B28BA5273554640059D81E /* AsyncImageView.swift in Sources */ = {isa = PBXBuildFile; fileRef = A4B28BA4273554640059D81E /* AsyncImageView.swift */; };
		A4B28BA9273567970059D81E /* ValueCell.swift in Sources */ = {isa = PBXBuildFile; fileRef = A4B28BA8273567970059D81E /* ValueCell.swift */; };
		A4CD3C8827351D23004A6886 /* DripApp.swift in Sources */ = {isa = PBXBuildFile; fileRef = A4CD3C8727351D23004A6886 /* DripApp.swift */; };
		A4CD3C8C27351D29004A6886 /* Assets.xcassets in Resources */ = {isa = PBXBuildFile; fileRef = A4CD3C8B27351D29004A6886 /* Assets.xcassets */; };
		A4CD3C8F27351D29004A6886 /* Preview Assets.xcassets in Resources */ = {isa = PBXBuildFile; fileRef = A4CD3C8E27351D29004A6886 /* Preview Assets.xcassets */; };
		A4CD3CB027351E4D004A6886 /* Outfit.swift in Sources */ = {isa = PBXBuildFile; fileRef = A4CD3CAF27351E4D004A6886 /* Outfit.swift */; };
		A4CD3CB8273523E2004A6886 /* User.swift in Sources */ = {isa = PBXBuildFile; fileRef = A4CD3CB7273523E2004A6886 /* User.swift */; };
/* End PBXBuildFile section */

/* Begin PBXFileReference section */
		A47CA32D2735282500F34F68 /* HomeView.swift */ = {isa = PBXFileReference; lastKnownFileType = sourcecode.swift; path = HomeView.swift; sourceTree = "<group>"; };
		A4B28BA02735484E0059D81E /* CardView.swift */ = {isa = PBXFileReference; lastKnownFileType = sourcecode.swift; path = CardView.swift; sourceTree = "<group>"; };
		A4B28BA22735504B0059D81E /* OutfitDetailView.swift */ = {isa = PBXFileReference; lastKnownFileType = sourcecode.swift; path = OutfitDetailView.swift; sourceTree = "<group>"; };
		A4B28BA4273554640059D81E /* AsyncImageView.swift */ = {isa = PBXFileReference; lastKnownFileType = sourcecode.swift; path = AsyncImageView.swift; sourceTree = "<group>"; };
		A4B28BA8273567970059D81E /* ValueCell.swift */ = {isa = PBXFileReference; lastKnownFileType = sourcecode.swift; path = ValueCell.swift; sourceTree = "<group>"; };
		A4CD3C8427351D23004A6886 /* Drip.app */ = {isa = PBXFileReference; explicitFileType = wrapper.application; includeInIndex = 0; path = Drip.app; sourceTree = BUILT_PRODUCTS_DIR; };
		A4CD3C8727351D23004A6886 /* DripApp.swift */ = {isa = PBXFileReference; lastKnownFileType = sourcecode.swift; path = DripApp.swift; sourceTree = "<group>"; };
		A4CD3C8B27351D29004A6886 /* Assets.xcassets */ = {isa = PBXFileReference; lastKnownFileType = folder.assetcatalog; path = Assets.xcassets; sourceTree = "<group>"; };
		A4CD3C8E27351D29004A6886 /* Preview Assets.xcassets */ = {isa = PBXFileReference; lastKnownFileType = folder.assetcatalog; path = "Preview Assets.xcassets"; sourceTree = "<group>"; };
		A4CD3CAF27351E4D004A6886 /* Outfit.swift */ = {isa = PBXFileReference; lastKnownFileType = sourcecode.swift; path = Outfit.swift; sourceTree = "<group>"; };
		A4CD3CB7273523E2004A6886 /* User.swift */ = {isa = PBXFileReference; lastKnownFileType = sourcecode.swift; path = User.swift; sourceTree = "<group>"; };
/* End PBXFileReference section */

/* Begin PBXFrameworksBuildPhase section */
		A4CD3C8127351D23004A6886 /* Frameworks */ = {
			isa = PBXFrameworksBuildPhase;
			buildActionMask = 2147483647;
			files = (
				A429D4E72735744100ABFC29 /* DripKit in Frameworks */,
			);
			runOnlyForDeploymentPostprocessing = 0;
		};
/* End PBXFrameworksBuildPhase section */

/* Begin PBXGroup section */
		A4B28BA6273559950059D81E /* Reusable Views */ = {
			isa = PBXGroup;
			children = (
				A4B28BA4273554640059D81E /* AsyncImageView.swift */,
				A4B28BA02735484E0059D81E /* CardView.swift */,
				A4B28BA8273567970059D81E /* ValueCell.swift */,
			);
			path = "Reusable Views";
			sourceTree = "<group>";
		};
		A4B28BA7273559A10059D81E /* Views */ = {
			isa = PBXGroup;
			children = (
				A47CA32D2735282500F34F68 /* HomeView.swift */,
				A4B28BA22735504B0059D81E /* OutfitDetailView.swift */,
			);
			path = Views;
			sourceTree = "<group>";
		};
		A4CD3C7B27351D23004A6886 = {
			isa = PBXGroup;
			children = (
				A4CD3C8627351D23004A6886 /* Drip */,
				A4CD3C8527351D23004A6886 /* Products */,
			);
			sourceTree = "<group>";
		};
		A4CD3C8527351D23004A6886 /* Products */ = {
			isa = PBXGroup;
			children = (
				A4CD3C8427351D23004A6886 /* Drip.app */,
			);
			name = Products;
			sourceTree = "<group>";
		};
		A4CD3C8627351D23004A6886 /* Drip */ = {
			isa = PBXGroup;
			children = (
				A4CD3C8727351D23004A6886 /* DripApp.swift */,
				A4CD3CB127351E58004A6886 /* Models */,
				A4B28BA7273559A10059D81E /* Views */,
				A4B28BA6273559950059D81E /* Reusable Views */,
				A4CD3C8B27351D29004A6886 /* Assets.xcassets */,
				A4CD3C8D27351D29004A6886 /* Preview Content */,
			);
			path = Drip;
			sourceTree = "<group>";
		};
		A4CD3C8D27351D29004A6886 /* Preview Content */ = {
			isa = PBXGroup;
			children = (
				A4CD3C8E27351D29004A6886 /* Preview Assets.xcassets */,
			);
			path = "Preview Content";
			sourceTree = "<group>";
		};
		A4CD3CB127351E58004A6886 /* Models */ = {
			isa = PBXGroup;
			children = (
				A4CD3CB7273523E2004A6886 /* User.swift */,
				A4CD3CAF27351E4D004A6886 /* Outfit.swift */,
			);
			path = Models;
			sourceTree = "<group>";
		};
/* End PBXGroup section */

/* Begin PBXNativeTarget section */
		A4CD3C8327351D23004A6886 /* Drip */ = {
			isa = PBXNativeTarget;
			buildConfigurationList = A4CD3CA627351D2A004A6886 /* Build configuration list for PBXNativeTarget "Drip" */;
			buildPhases = (
				A4CD3C8027351D23004A6886 /* Sources */,
				A4CD3C8127351D23004A6886 /* Frameworks */,
				A4CD3C8227351D23004A6886 /* Resources */,
			);
			buildRules = (
			);
			dependencies = (
			);
			name = Drip;
			packageProductDependencies = (
				A429D4E62735744100ABFC29 /* DripKit */,
			);
			productName = Drip;
			productReference = A4CD3C8427351D23004A6886 /* Drip.app */;
			productType = "com.apple.product-type.application";
		};
/* End PBXNativeTarget section */

/* Begin PBXProject section */
		A4CD3C7C27351D23004A6886 /* Project object */ = {
			isa = PBXProject;
			attributes = {
				BuildIndependentTargetsInParallel = 1;
				LastSwiftUpdateCheck = 1300;
				LastUpgradeCheck = 1300;
				TargetAttributes = {
					A4CD3C8327351D23004A6886 = {
						CreatedOnToolsVersion = 13.0;
					};
				};
			};
			buildConfigurationList = A4CD3C7F27351D23004A6886 /* Build configuration list for PBXProject "Drip" */;
			compatibilityVersion = "Xcode 13.0";
			developmentRegion = en;
			hasScannedForEncodings = 0;
			knownRegions = (
				en,
				Base,
			);
			mainGroup = A4CD3C7B27351D23004A6886;
			packageReferences = (
				A429D4E52735744100ABFC29 /* XCRemoteSwiftPackageReference "DripKit" */,
			);
			productRefGroup = A4CD3C8527351D23004A6886 /* Products */;
			projectDirPath = "";
			projectRoot = "";
			targets = (
				A4CD3C8327351D23004A6886 /* Drip */,
			);
		};
/* End PBXProject section */

/* Begin PBXResourcesBuildPhase section */
		A4CD3C8227351D23004A6886 /* Resources */ = {
			isa = PBXResourcesBuildPhase;
			buildActionMask = 2147483647;
			files = (
				A4CD3C8F27351D29004A6886 /* Preview Assets.xcassets in Resources */,
				A4CD3C8C27351D29004A6886 /* Assets.xcassets in Resources */,
			);
			runOnlyForDeploymentPostprocessing = 0;
		};
/* End PBXResourcesBuildPhase section */

/* Begin PBXSourcesBuildPhase section */
		A4CD3C8027351D23004A6886 /* Sources */ = {
			isa = PBXSourcesBuildPhase;
			buildActionMask = 2147483647;
			files = (
				A4CD3CB8273523E2004A6886 /* User.swift in Sources */,
				A4CD3C8827351D23004A6886 /* DripApp.swift in Sources */,
				A47CA32E2735282500F34F68 /* HomeView.swift in Sources */,
				A4CD3CB027351E4D004A6886 /* Outfit.swift in Sources */,
				A4B28BA32735504B0059D81E /* OutfitDetailView.swift in Sources */,
				A4B28BA12735484E0059D81E /* CardView.swift in Sources */,
				A4B28BA5273554640059D81E /* AsyncImageView.swift in Sources */,
				A4B28BA9273567970059D81E /* ValueCell.swift in Sources */,
			);
			runOnlyForDeploymentPostprocessing = 0;
		};
/* End PBXSourcesBuildPhase section */

/* Begin XCBuildConfiguration section */
		A4CD3CA427351D2A004A6886 /* Debug */ = {
			isa = XCBuildConfiguration;
			buildSettings = {
				ALWAYS_SEARCH_USER_PATHS = NO;
				CLANG_ANALYZER_NONNULL = YES;
				CLANG_ANALYZER_NUMBER_OBJECT_CONVERSION = YES_AGGRESSIVE;
				CLANG_CXX_LANGUAGE_STANDARD = "gnu++17";
				CLANG_CXX_LIBRARY = "libc++";
				CLANG_ENABLE_MODULES = YES;
				CLANG_ENABLE_OBJC_ARC = YES;
				CLANG_ENABLE_OBJC_WEAK = YES;
				CLANG_WARN_BLOCK_CAPTURE_AUTORELEASING = YES;
				CLANG_WARN_BOOL_CONVERSION = YES;
				CLANG_WARN_COMMA = YES;
				CLANG_WARN_CONSTANT_CONVERSION = YES;
				CLANG_WARN_DEPRECATED_OBJC_IMPLEMENTATIONS = YES;
				CLANG_WARN_DIRECT_OBJC_ISA_USAGE = YES_ERROR;
				CLANG_WARN_DOCUMENTATION_COMMENTS = YES;
				CLANG_WARN_EMPTY_BODY = YES;
				CLANG_WARN_ENUM_CONVERSION = YES;
				CLANG_WARN_INFINITE_RECURSION = YES;
				CLANG_WARN_INT_CONVERSION = YES;
				CLANG_WARN_NON_LITERAL_NULL_CONVERSION = YES;
				CLANG_WARN_OBJC_IMPLICIT_RETAIN_SELF = YES;
				CLANG_WARN_OBJC_LITERAL_CONVERSION = YES;
				CLANG_WARN_OBJC_ROOT_CLASS = YES_ERROR;
				CLANG_WARN_QUOTED_INCLUDE_IN_FRAMEWORK_HEADER = YES;
				CLANG_WARN_RANGE_LOOP_ANALYSIS = YES;
				CLANG_WARN_STRICT_PROTOTYPES = YES;
				CLANG_WARN_SUSPICIOUS_MOVE = YES;
				CLANG_WARN_UNGUARDED_AVAILABILITY = YES_AGGRESSIVE;
				CLANG_WARN_UNREACHABLE_CODE = YES;
				CLANG_WARN__DUPLICATE_METHOD_MATCH = YES;
				COPY_PHASE_STRIP = NO;
				DEBUG_INFORMATION_FORMAT = dwarf;
				ENABLE_STRICT_OBJC_MSGSEND = YES;
				ENABLE_TESTABILITY = YES;
				GCC_C_LANGUAGE_STANDARD = gnu11;
				GCC_DYNAMIC_NO_PIC = NO;
				GCC_NO_COMMON_BLOCKS = YES;
				GCC_OPTIMIZATION_LEVEL = 0;
				GCC_PREPROCESSOR_DEFINITIONS = (
					"DEBUG=1",
					"$(inherited)",
				);
				GCC_WARN_64_TO_32_BIT_CONVERSION = YES;
				GCC_WARN_ABOUT_RETURN_TYPE = YES_ERROR;
				GCC_WARN_UNDECLARED_SELECTOR = YES;
				GCC_WARN_UNINITIALIZED_AUTOS = YES_AGGRESSIVE;
				GCC_WARN_UNUSED_FUNCTION = YES;
				GCC_WARN_UNUSED_VARIABLE = YES;
				IPHONEOS_DEPLOYMENT_TARGET = 15.0;
				MTL_ENABLE_DEBUG_INFO = INCLUDE_SOURCE;
				MTL_FAST_MATH = YES;
				ONLY_ACTIVE_ARCH = YES;
				SDKROOT = iphoneos;
				SWIFT_ACTIVE_COMPILATION_CONDITIONS = DEBUG;
				SWIFT_OPTIMIZATION_LEVEL = "-Onone";
			};
			name = Debug;
		};
		A4CD3CA527351D2A004A6886 /* Release */ = {
			isa = XCBuildConfiguration;
			buildSettings = {
				ALWAYS_SEARCH_USER_PATHS = NO;
				CLANG_ANALYZER_NONNULL = YES;
				CLANG_ANALYZER_NUMBER_OBJECT_CONVERSION = YES_AGGRESSIVE;
				CLANG_CXX_LANGUAGE_STANDARD = "gnu++17";
				CLANG_CXX_LIBRARY = "libc++";
				CLANG_ENABLE_MODULES = YES;
				CLANG_ENABLE_OBJC_ARC = YES;
				CLANG_ENABLE_OBJC_WEAK = YES;
				CLANG_WARN_BLOCK_CAPTURE_AUTORELEASING = YES;
				CLANG_WARN_BOOL_CONVERSION = YES;
				CLANG_WARN_COMMA = YES;
				CLANG_WARN_CONSTANT_CONVERSION = YES;
				CLANG_WARN_DEPRECATED_OBJC_IMPLEMENTATIONS = YES;
				CLANG_WARN_DIRECT_OBJC_ISA_USAGE = YES_ERROR;
				CLANG_WARN_DOCUMENTATION_COMMENTS = YES;
				CLANG_WARN_EMPTY_BODY = YES;
				CLANG_WARN_ENUM_CONVERSION = YES;
				CLANG_WARN_INFINITE_RECURSION = YES;
				CLANG_WARN_INT_CONVERSION = YES;
				CLANG_WARN_NON_LITERAL_NULL_CONVERSION = YES;
				CLANG_WARN_OBJC_IMPLICIT_RETAIN_SELF = YES;
				CLANG_WARN_OBJC_LITERAL_CONVERSION = YES;
				CLANG_WARN_OBJC_ROOT_CLASS = YES_ERROR;
				CLANG_WARN_QUOTED_INCLUDE_IN_FRAMEWORK_HEADER = YES;
				CLANG_WARN_RANGE_LOOP_ANALYSIS = YES;
				CLANG_WARN_STRICT_PROTOTYPES = YES;
				CLANG_WARN_SUSPICIOUS_MOVE = YES;
				CLANG_WARN_UNGUARDED_AVAILABILITY = YES_AGGRESSIVE;
				CLANG_WARN_UNREACHABLE_CODE = YES;
				CLANG_WARN__DUPLICATE_METHOD_MATCH = YES;
				COPY_PHASE_STRIP = NO;
				DEBUG_INFORMATION_FORMAT = "dwarf-with-dsym";
				ENABLE_NS_ASSERTIONS = NO;
				ENABLE_STRICT_OBJC_MSGSEND = YES;
				GCC_C_LANGUAGE_STANDARD = gnu11;
				GCC_NO_COMMON_BLOCKS = YES;
				GCC_WARN_64_TO_32_BIT_CONVERSION = YES;
				GCC_WARN_ABOUT_RETURN_TYPE = YES_ERROR;
				GCC_WARN_UNDECLARED_SELECTOR = YES;
				GCC_WARN_UNINITIALIZED_AUTOS = YES_AGGRESSIVE;
				GCC_WARN_UNUSED_FUNCTION = YES;
				GCC_WARN_UNUSED_VARIABLE = YES;
				IPHONEOS_DEPLOYMENT_TARGET = 15.0;
				MTL_ENABLE_DEBUG_INFO = NO;
				MTL_FAST_MATH = YES;
				SDKROOT = iphoneos;
				SWIFT_COMPILATION_MODE = wholemodule;
				SWIFT_OPTIMIZATION_LEVEL = "-O";
				VALIDATE_PRODUCT = YES;
			};
			name = Release;
		};
		A4CD3CA727351D2A004A6886 /* Debug */ = {
			isa = XCBuildConfiguration;
			buildSettings = {
				ASSETCATALOG_COMPILER_APPICON_NAME = AppIcon;
				ASSETCATALOG_COMPILER_GLOBAL_ACCENT_COLOR_NAME = AccentColor;
				CODE_SIGN_STYLE = Automatic;
				CURRENT_PROJECT_VERSION = 1;
				DEVELOPMENT_ASSET_PATHS = "\"Drip/Preview Content\"";
				DEVELOPMENT_TEAM = 5LKMWCFWZW;
				ENABLE_PREVIEWS = YES;
				GENERATE_INFOPLIST_FILE = YES;
				INFOPLIST_KEY_UIApplicationSceneManifest_Generation = YES;
				INFOPLIST_KEY_UIApplicationSupportsIndirectInputEvents = YES;
				INFOPLIST_KEY_UILaunchScreen_Generation = YES;
				INFOPLIST_KEY_UISupportedInterfaceOrientations_iPad = "UIInterfaceOrientationPortrait UIInterfaceOrientationPortraitUpsideDown UIInterfaceOrientationLandscapeLeft UIInterfaceOrientationLandscapeRight";
				INFOPLIST_KEY_UISupportedInterfaceOrientations_iPhone = "UIInterfaceOrientationPortrait UIInterfaceOrientationLandscapeLeft UIInterfaceOrientationLandscapeRight";
				IPHONEOS_DEPLOYMENT_TARGET = 15.0;
				LD_RUNPATH_SEARCH_PATHS = (
					"$(inherited)",
					"@executable_path/Frameworks",
				);
				MARKETING_VERSION = 1.0;
				PRODUCT_BUNDLE_IDENTIFIER = com.arvindravi.Drip;
				PRODUCT_NAME = "$(TARGET_NAME)";
				SWIFT_EMIT_LOC_STRINGS = YES;
				SWIFT_VERSION = 5.0;
				TARGETED_DEVICE_FAMILY = "1,2";
			};
			name = Debug;
		};
		A4CD3CA827351D2A004A6886 /* Release */ = {
			isa = XCBuildConfiguration;
			buildSettings = {
				ASSETCATALOG_COMPILER_APPICON_NAME = AppIcon;
				ASSETCATALOG_COMPILER_GLOBAL_ACCENT_COLOR_NAME = AccentColor;
				CODE_SIGN_STYLE = Automatic;
				CURRENT_PROJECT_VERSION = 1;
				DEVELOPMENT_ASSET_PATHS = "\"Drip/Preview Content\"";
				DEVELOPMENT_TEAM = 5LKMWCFWZW;
				ENABLE_PREVIEWS = YES;
				GENERATE_INFOPLIST_FILE = YES;
				INFOPLIST_KEY_UIApplicationSceneManifest_Generation = YES;
				INFOPLIST_KEY_UIApplicationSupportsIndirectInputEvents = YES;
				INFOPLIST_KEY_UILaunchScreen_Generation = YES;
				INFOPLIST_KEY_UISupportedInterfaceOrientations_iPad = "UIInterfaceOrientationPortrait UIInterfaceOrientationPortraitUpsideDown UIInterfaceOrientationLandscapeLeft UIInterfaceOrientationLandscapeRight";
				INFOPLIST_KEY_UISupportedInterfaceOrientations_iPhone = "UIInterfaceOrientationPortrait UIInterfaceOrientationLandscapeLeft UIInterfaceOrientationLandscapeRight";
				IPHONEOS_DEPLOYMENT_TARGET = 15.0;
				LD_RUNPATH_SEARCH_PATHS = (
					"$(inherited)",
					"@executable_path/Frameworks",
				);
				MARKETING_VERSION = 1.0;
				PRODUCT_BUNDLE_IDENTIFIER = com.arvindravi.Drip;
				PRODUCT_NAME = "$(TARGET_NAME)";
				SWIFT_EMIT_LOC_STRINGS = YES;
				SWIFT_VERSION = 5.0;
				TARGETED_DEVICE_FAMILY = "1,2";
			};
			name = Release;
		};
/* End XCBuildConfiguration section */

/* Begin XCConfigurationList section */
		A4CD3C7F27351D23004A6886 /* Build configuration list for PBXProject "Drip" */ = {
			isa = XCConfigurationList;
			buildConfigurations = (
				A4CD3CA427351D2A004A6886 /* Debug */,
				A4CD3CA527351D2A004A6886 /* Release */,
			);
			defaultConfigurationIsVisible = 0;
			defaultConfigurationName = Release;
		};
		A4CD3CA627351D2A004A6886 /* Build configuration list for PBXNativeTarget "Drip" */ = {
			isa = XCConfigurationList;
			buildConfigurations = (
				A4CD3CA727351D2A004A6886 /* Debug */,
				A4CD3CA827351D2A004A6886 /* Release */,
			);
			defaultConfigurationIsVisible = 0;
			defaultConfigurationName = Release;
		};
/* End XCConfigurationList section */

/* Begin XCRemoteSwiftPackageReference section */
		A429D4E52735744100ABFC29 /* XCRemoteSwiftPackageReference "DripKit" */ = {
			isa = XCRemoteSwiftPackageReference;
			repositoryURL = "https://github.com/arvindravi/DripKit";
			requirement = {
				branch = main;
				kind = branch;
			};
		};
/* End XCRemoteSwiftPackageReference section */

/* Begin XCSwiftPackageProductDependency section */
		A429D4E62735744100ABFC29 /* DripKit */ = {
			isa = XCSwiftPackageProductDependency;
			package = A429D4E52735744100ABFC29 /* XCRemoteSwiftPackageReference "DripKit" */;
			productName = DripKit;
		};
/* End XCSwiftPackageProductDependency section */
	};
	rootObject = A4CD3C7C27351D23004A6886 /* Project object */;
}
