{
  "object": {
    "pins": [
      {
        "package": "DripKit",
        "repositoryURL": "https://github.com/arvindravi/DripKit",
        "state": {
          "branch": "main",
          "revision": "e812aac1c0561f97aef5aaae139eda50369a0574",
          "version": null
        }
      }
    ]
  },
  "version": 1
}
